// !$*UTF8*$!
{
	archiveVersion = 1;
	classes = {
	};
	objectVersion = 55;
	objects = {

/* Begin PBXBuildFile section */
		BA191E86289D8028002189D2 /* ItunesSearchAppApp.swift in Sources */ = {isa = PBXBuildFile; fileRef = BA191E85289D8028002189D2 /* ItunesSearchAppApp.swift */; };
		BA191E88289D8028002189D2 /* ContentView.swift in Sources */ = {isa = PBXBuildFile; fileRef = BA191E87289D8028002189D2 /* ContentView.swift */; };
		BA191E8A289D802A002189D2 /* Assets.xcassets in Resources */ = {isa = PBXBuildFile; fileRef = BA191E89289D802A002189D2 /* Assets.xcassets */; };
		BA191E8D289D802A002189D2 /* Preview Assets.xcassets in Resources */ = {isa = PBXBuildFile; fileRef = BA191E8C289D802A002189D2 /* Preview Assets.xcassets */; };
		BA191E97289D8061002189D2 /* Album.swift in Sources */ = {isa = PBXBuildFile; fileRef = BA191E96289D8061002189D2 /* Album.swift */; };
		BA191E99289D80B7002189D2 /* AlbumListViewModel.swift in Sources */ = {isa = PBXBuildFile; fileRef = BA191E98289D80B7002189D2 /* AlbumListViewModel.swift */; };
		BA191E9B289D8349002189D2 /* Song.swift in Sources */ = {isa = PBXBuildFile; fileRef = BA191E9A289D8349002189D2 /* Song.swift */; };
		BA191E9D289D8352002189D2 /* Movie.swift in Sources */ = {isa = PBXBuildFile; fileRef = BA191E9C289D8352002189D2 /* Movie.swift */; };
		BA191EA528A046EF002189D2 /* AlbumListView.swift in Sources */ = {isa = PBXBuildFile; fileRef = BA191EA428A046EF002189D2 /* AlbumListView.swift */; };
		BA2A2BEC28B2AF1B00B80966 /* AlbumSearchView.swift in Sources */ = {isa = PBXBuildFile; fileRef = BA2A2BEB28B2AF1B00B80966 /* AlbumSearchView.swift */; };
/* End PBXBuildFile section */

/* Begin PBXFileReference section */
		BA191E82289D8028002189D2 /* ItunesSearchApp.app */ = {isa = PBXFileReference; explicitFileType = wrapper.application; includeInIndex = 0; path = ItunesSearchApp.app; sourceTree = BUILT_PRODUCTS_DIR; };
		BA191E85289D8028002189D2 /* ItunesSearchAppApp.swift */ = {isa = PBXFileReference; lastKnownFileType = sourcecode.swift; path = ItunesSearchAppApp.swift; sourceTree = "<group>"; };
		BA191E87289D8028002189D2 /* ContentView.swift */ = {isa = PBXFileReference; lastKnownFileType = sourcecode.swift; path = ContentView.swift; sourceTree = "<group>"; };
		BA191E89289D802A002189D2 /* Assets.xcassets */ = {isa = PBXFileReference; lastKnownFileType = folder.assetcatalog; path = Assets.xcassets; sourceTree = "<group>"; };
		BA191E8C289D802A002189D2 /* Preview Assets.xcassets */ = {isa = PBXFileReference; lastKnownFileType = folder.assetcatalog; path = "Preview Assets.xcassets"; sourceTree = "<group>"; };
		BA191E96289D8061002189D2 /* Album.swift */ = {isa = PBXFileReference; lastKnownFileType = sourcecode.swift; path = Album.swift; sourceTree = "<group>"; };
		BA191E98289D80B7002189D2 /* AlbumListViewModel.swift */ = {isa = PBXFileReference; lastKnownFileType = sourcecode.swift; path = AlbumListViewModel.swift; sourceTree = "<group>"; };
		BA191E9A289D8349002189D2 /* Song.swift */ = {isa = PBXFileReference; lastKnownFileType = sourcecode.swift; path = Song.swift; sourceTree = "<group>"; };
		BA191E9C289D8352002189D2 /* Movie.swift */ = {isa = PBXFileReference; lastKnownFileType = sourcecode.swift; path = Movie.swift; sourceTree = "<group>"; };
		BA191EA428A046EF002189D2 /* AlbumListView.swift */ = {isa = PBXFileReference; lastKnownFileType = sourcecode.swift; path = AlbumListView.swift; sourceTree = "<group>"; };
		BA2A2BEB28B2AF1B00B80966 /* AlbumSearchView.swift */ = {isa = PBXFileReference; lastKnownFileType = sourcecode.swift; path = AlbumSearchView.swift; sourceTree = "<group>"; };
/* End PBXFileReference section */

/* Begin PBXFrameworksBuildPhase section */
		BA191E7F289D8028002189D2 /* Frameworks */ = {
			isa = PBXFrameworksBuildPhase;
			buildActionMask = 2147483647;
			files = (
			);
			runOnlyForDeploymentPostprocessing = 0;
		};
/* End PBXFrameworksBuildPhase section */

/* Begin PBXGroup section */
		BA191E79289D8028002189D2 = {
			isa = PBXGroup;
			children = (
				BA191E84289D8028002189D2 /* ItunesSearchApp */,
				BA191E83289D8028002189D2 /* Products */,
			);
			sourceTree = "<group>";
		};
		BA191E83289D8028002189D2 /* Products */ = {
			isa = PBXGroup;
			children = (
				BA191E82289D8028002189D2 /* ItunesSearchApp.app */,
			);
			name = Products;
			sourceTree = "<group>";
		};
		BA191E84289D8028002189D2 /* ItunesSearchApp */ = {
			isa = PBXGroup;
			children = (
				BA191E95289D8051002189D2 /* Model */,
				BA191E94289D8042002189D2 /* ViewModel */,
				BA191E93289D8035002189D2 /* View */,
				BA191E85289D8028002189D2 /* ItunesSearchAppApp.swift */,
				BA191E87289D8028002189D2 /* ContentView.swift */,
				BA191E89289D802A002189D2 /* Assets.xcassets */,
				BA191E8B289D802A002189D2 /* Preview Content */,
			);
			path = ItunesSearchApp;
			sourceTree = "<group>";
		};
		BA191E8B289D802A002189D2 /* Preview Content */ = {
			isa = PBXGroup;
			children = (
				BA191E8C289D802A002189D2 /* Preview Assets.xcassets */,
			);
			path = "Preview Content";
			sourceTree = "<group>";
		};
		BA191E93289D8035002189D2 /* View */ = {
			isa = PBXGroup;
			children = (
				BA191EA428A046EF002189D2 /* AlbumListView.swift */,
				BA2A2BEB28B2AF1B00B80966 /* AlbumSearchView.swift */,
			);
			path = View;
			sourceTree = "<group>";
		};
		BA191E94289D8042002189D2 /* ViewModel */ = {
			isa = PBXGroup;
			children = (
				BA191E98289D80B7002189D2 /* AlbumListViewModel.swift */,
			);
			path = ViewModel;
			sourceTree = "<group>";
		};
		BA191E95289D8051002189D2 /* Model */ = {
			isa = PBXGroup;
			children = (
				BA191E96289D8061002189D2 /* Album.swift */,
				BA191E9A289D8349002189D2 /* Song.swift */,
				BA191E9C289D8352002189D2 /* Movie.swift */,
			);
			path = Model;
			sourceTree = "<group>";
		};
/* End PBXGroup section */

/* Begin PBXNativeTarget section */
		BA191E81289D8028002189D2 /* ItunesSearchApp */ = {
			isa = PBXNativeTarget;
			buildConfigurationList = BA191E90289D802A002189D2 /* Build configuration list for PBXNativeTarget "ItunesSearchApp" */;
			buildPhases = (
				BA191E7E289D8028002189D2 /* Sources */,
				BA191E7F289D8028002189D2 /* Frameworks */,
				BA191E80289D8028002189D2 /* Resources */,
			);
			buildRules = (
			);
			dependencies = (
			);
			name = ItunesSearchApp;
			productName = ItunesSearchApp;
			productReference = BA191E82289D8028002189D2 /* ItunesSearchApp.app */;
			productType = "com.apple.product-type.application";
		};
/* End PBXNativeTarget section */

/* Begin PBXProject section */
		BA191E7A289D8028002189D2 /* Project object */ = {
			isa = PBXProject;
			attributes = {
				BuildIndependentTargetsInParallel = 1;
				LastSwiftUpdateCheck = 1340;
				LastUpgradeCheck = 1340;
				TargetAttributes = {
					BA191E81289D8028002189D2 = {
						CreatedOnToolsVersion = 13.4.1;
					};
				};
			};
			buildConfigurationList = BA191E7D289D8028002189D2 /* Build configuration list for PBXProject "ItunesSearchApp" */;
			compatibilityVersion = "Xcode 13.0";
			developmentRegion = en;
			hasScannedForEncodings = 0;
			knownRegions = (
				en,
				Base,
			);
			mainGroup = BA191E79289D8028002189D2;
			productRefGroup = BA191E83289D8028002189D2 /* Products */;
			projectDirPath = "";
			projectRoot = "";
			targets = (
				BA191E81289D8028002189D2 /* ItunesSearchApp */,
			);
		};
/* End PBXProject section */

/* Begin PBXResourcesBuildPhase section */
		BA191E80289D8028002189D2 /* Resources */ = {
			isa = PBXResourcesBuildPhase;
			buildActionMask = 2147483647;
			files = (
				BA191E8D289D802A002189D2 /* Preview Assets.xcassets in Resources */,
				BA191E8A289D802A002189D2 /* Assets.xcassets in Resources */,
			);
			runOnlyForDeploymentPostprocessing = 0;
		};
/* End PBXResourcesBuildPhase section */

/* Begin PBXSourcesBuildPhase section */
		BA191E7E289D8028002189D2 /* Sources */ = {
			isa = PBXSourcesBuildPhase;
			buildActionMask = 2147483647;
			files = (
				BA191E99289D80B7002189D2 /* AlbumListViewModel.swift in Sources */,
				BA191E88289D8028002189D2 /* ContentView.swift in Sources */,
				BA2A2BEC28B2AF1B00B80966 /* AlbumSearchView.swift in Sources */,
				BA191E9D289D8352002189D2 /* Movie.swift in Sources */,
				BA191E86289D8028002189D2 /* ItunesSearchAppApp.swift in Sources */,
				BA191E97289D8061002189D2 /* Album.swift in Sources */,
				BA191E9B289D8349002189D2 /* Song.swift in Sources */,
				BA191EA528A046EF002189D2 /* AlbumListView.swift in Sources */,
			);
			runOnlyForDeploymentPostprocessing = 0;
		};
/* End PBXSourcesBuildPhase section */

/* Begin XCBuildConfiguration section */
		BA191E8E289D802A002189D2 /* Debug */ = {
			isa = XCBuildConfiguration;
			buildSettings = {
				ALWAYS_SEARCH_USER_PATHS = NO;
				CLANG_ANALYZER_NONNULL = YES;
				CLANG_ANALYZER_NUMBER_OBJECT_CONVERSION = YES_AGGRESSIVE;
				CLANG_CXX_LANGUAGE_STANDARD = "gnu++17";
				CLANG_ENABLE_MODULES = YES;
				CLANG_ENABLE_OBJC_ARC = YES;
				CLANG_ENABLE_OBJC_WEAK = YES;
				CLANG_WARN_BLOCK_CAPTURE_AUTORELEASING = YES;
				CLANG_WARN_BOOL_CONVERSION = YES;
				CLANG_WARN_COMMA = YES;
				CLANG_WARN_CONSTANT_CONVERSION = YES;
				CLANG_WARN_DEPRECATED_OBJC_IMPLEMENTATIONS = YES;
				CLANG_WARN_DIRECT_OBJC_ISA_USAGE = YES_ERROR;
				CLANG_WARN_DOCUMENTATION_COMMENTS = YES;
				CLANG_WARN_EMPTY_BODY = YES;
				CLANG_WARN_ENUM_CONVERSION = YES;
				CLANG_WARN_INFINITE_RECURSION = YES;
				CLANG_WARN_INT_CONVERSION = YES;
				CLANG_WARN_NON_LITERAL_NULL_CONVERSION = YES;
				CLANG_WARN_OBJC_IMPLICIT_RETAIN_SELF = YES;
				CLANG_WARN_OBJC_LITERAL_CONVERSION = YES;
				CLANG_WARN_OBJC_ROOT_CLASS = YES_ERROR;
				CLANG_WARN_QUOTED_INCLUDE_IN_FRAMEWORK_HEADER = YES;
				CLANG_WARN_RANGE_LOOP_ANALYSIS = YES;
				CLANG_WARN_STRICT_PROTOTYPES = YES;
				CLANG_WARN_SUSPICIOUS_MOVE = YES;
				CLANG_WARN_UNGUARDED_AVAILABILITY = YES_AGGRESSIVE;
				CLANG_WARN_UNREACHABLE_CODE = YES;
				CLANG_WARN__DUPLICATE_METHOD_MATCH = YES;
				COPY_PHASE_STRIP = NO;
				DEBUG_INFORMATION_FORMAT = dwarf;
				ENABLE_STRICT_OBJC_MSGSEND = YES;
				ENABLE_TESTABILITY = YES;
				GCC_C_LANGUAGE_STANDARD = gnu11;
				GCC_DYNAMIC_NO_PIC = NO;
				GCC_NO_COMMON_BLOCKS = YES;
				GCC_OPTIMIZATION_LEVEL = 0;
				GCC_PREPROCESSOR_DEFINITIONS = (
					"DEBUG=1",
					"$(inherited)",
				);
				GCC_WARN_64_TO_32_BIT_CONVERSION = YES;
				GCC_WARN_ABOUT_RETURN_TYPE = YES_ERROR;
				GCC_WARN_UNDECLARED_SELECTOR = YES;
				GCC_WARN_UNINITIALIZED_AUTOS = YES_AGGRESSIVE;
				GCC_WARN_UNUSED_FUNCTION = YES;
				GCC_WARN_UNUSED_VARIABLE = YES;
				IPHONEOS_DEPLOYMENT_TARGET = 15.5;
				MTL_ENABLE_DEBUG_INFO = INCLUDE_SOURCE;
				MTL_FAST_MATH = YES;
				ONLY_ACTIVE_ARCH = YES;
				SDKROOT = iphoneos;
				SWIFT_ACTIVE_COMPILATION_CONDITIONS = DEBUG;
				SWIFT_OPTIMIZATION_LEVEL = "-Onone";
			};
			name = Debug;
		};
		BA191E8F289D802A002189D2 /* Release */ = {
			isa = XCBuildConfiguration;
			buildSettings = {
				ALWAYS_SEARCH_USER_PATHS = NO;
				CLANG_ANALYZER_NONNULL = YES;
				CLANG_ANALYZER_NUMBER_OBJECT_CONVERSION = YES_AGGRESSIVE;
				CLANG_CXX_LANGUAGE_STANDARD = "gnu++17";
				CLANG_ENABLE_MODULES = YES;
				CLANG_ENABLE_OBJC_ARC = YES;
				CLANG_ENABLE_OBJC_WEAK = YES;
				CLANG_WARN_BLOCK_CAPTURE_AUTORELEASING = YES;
				CLANG_WARN_BOOL_CONVERSION = YES;
				CLANG_WARN_COMMA = YES;
				CLANG_WARN_CONSTANT_CONVERSION = YES;
				CLANG_WARN_DEPRECATED_OBJC_IMPLEMENTATIONS = YES;
				CLANG_WARN_DIRECT_OBJC_ISA_USAGE = YES_ERROR;
				CLANG_WARN_DOCUMENTATION_COMMENTS = YES;
				CLANG_WARN_EMPTY_BODY = YES;
				CLANG_WARN_ENUM_CONVERSION = YES;
				CLANG_WARN_INFINITE_RECURSION = YES;
				CLANG_WARN_INT_CONVERSION = YES;
				CLANG_WARN_NON_LITERAL_NULL_CONVERSION = YES;
				CLANG_WARN_OBJC_IMPLICIT_RETAIN_SELF = YES;
				CLANG_WARN_OBJC_LITERAL_CONVERSION = YES;
				CLANG_WARN_OBJC_ROOT_CLASS = YES_ERROR;
				CLANG_WARN_QUOTED_INCLUDE_IN_FRAMEWORK_HEADER = YES;
				CLANG_WARN_RANGE_LOOP_ANALYSIS = YES;
				CLANG_WARN_STRICT_PROTOTYPES = YES;
				CLANG_WARN_SUSPICIOUS_MOVE = YES;
				CLANG_WARN_UNGUARDED_AVAILABILITY = YES_AGGRESSIVE;
				CLANG_WARN_UNREACHABLE_CODE = YES;
				CLANG_WARN__DUPLICATE_METHOD_MATCH = YES;
				COPY_PHASE_STRIP = NO;
				DEBUG_INFORMATION_FORMAT = "dwarf-with-dsym";
				ENABLE_NS_ASSERTIONS = NO;
				ENABLE_STRICT_OBJC_MSGSEND = YES;
				GCC_C_LANGUAGE_STANDARD = gnu11;
				GCC_NO_COMMON_BLOCKS = YES;
				GCC_WARN_64_TO_32_BIT_CONVERSION = YES;
				GCC_WARN_ABOUT_RETURN_TYPE = YES_ERROR;
				GCC_WARN_UNDECLARED_SELECTOR = YES;
				GCC_WARN_UNINITIALIZED_AUTOS = YES_AGGRESSIVE;
				GCC_WARN_UNUSED_FUNCTION = YES;
				GCC_WARN_UNUSED_VARIABLE = YES;
				IPHONEOS_DEPLOYMENT_TARGET = 15.5;
				MTL_ENABLE_DEBUG_INFO = NO;
				MTL_FAST_MATH = YES;
				SDKROOT = iphoneos;
				SWIFT_COMPILATION_MODE = wholemodule;
				SWIFT_OPTIMIZATION_LEVEL = "-O";
				VALIDATE_PRODUCT = YES;
			};
			name = Release;
		};
		BA191E91289D802A002189D2 /* Debug */ = {
			isa = XCBuildConfiguration;
			buildSettings = {
				ASSETCATALOG_COMPILER_APPICON_NAME = AppIcon;
				ASSETCATALOG_COMPILER_GLOBAL_ACCENT_COLOR_NAME = AccentColor;
				CODE_SIGN_STYLE = Automatic;
				CURRENT_PROJECT_VERSION = 1;
				DEVELOPMENT_ASSET_PATHS = "\"ItunesSearchApp/Preview Content\"";
				DEVELOPMENT_TEAM = 97AVL57GTN;
				ENABLE_PREVIEWS = YES;
				GENERATE_INFOPLIST_FILE = YES;
				INFOPLIST_KEY_UIApplicationSceneManifest_Generation = YES;
				INFOPLIST_KEY_UIApplicationSupportsIndirectInputEvents = YES;
				INFOPLIST_KEY_UILaunchScreen_Generation = YES;
				INFOPLIST_KEY_UISupportedInterfaceOrientations_iPad = "UIInterfaceOrientationPortrait UIInterfaceOrientationPortraitUpsideDown UIInterfaceOrientationLandscapeLeft UIInterfaceOrientationLandscapeRight";
				INFOPLIST_KEY_UISupportedInterfaceOrientations_iPhone = "UIInterfaceOrientationPortrait UIInterfaceOrientationLandscapeLeft UIInterfaceOrientationLandscapeRight";
				LD_RUNPATH_SEARCH_PATHS = (
					"$(inherited)",
					"@executable_path/Frameworks",
				);
				MARKETING_VERSION = 1.0;
				PRODUCT_BUNDLE_IDENTIFIER = com.slava.itunes.ItunesSearchApp;
				PRODUCT_NAME = "$(TARGET_NAME)";
				SWIFT_EMIT_LOC_STRINGS = YES;
				SWIFT_VERSION = 5.0;
				TARGETED_DEVICE_FAMILY = "1,2";
			};
			name = Debug;
		};
		BA191E92289D802A002189D2 /* Release */ = {
			isa = XCBuildConfiguration;
			buildSettings = {
				ASSETCATALOG_COMPILER_APPICON_NAME = AppIcon;
				ASSETCATALOG_COMPILER_GLOBAL_ACCENT_COLOR_NAME = AccentColor;
				CODE_SIGN_STYLE = Automatic;
				CURRENT_PROJECT_VERSION = 1;
				DEVELOPMENT_ASSET_PATHS = "\"ItunesSearchApp/Preview Content\"";
				DEVELOPMENT_TEAM = 97AVL57GTN;
				ENABLE_PREVIEWS = YES;
				GENERATE_INFOPLIST_FILE = YES;
				INFOPLIST_KEY_UIApplicationSceneManifest_Generation = YES;
				INFOPLIST_KEY_UIApplicationSupportsIndirectInputEvents = YES;
				INFOPLIST_KEY_UILaunchScreen_Generation = YES;
				INFOPLIST_KEY_UISupportedInterfaceOrientations_iPad = "UIInterfaceOrientationPortrait UIInterfaceOrientationPortraitUpsideDown UIInterfaceOrientationLandscapeLeft UIInterfaceOrientationLandscapeRight";
				INFOPLIST_KEY_UISupportedInterfaceOrientations_iPhone = "UIInterfaceOrientationPortrait UIInterfaceOrientationLandscapeLeft UIInterfaceOrientationLandscapeRight";
				LD_RUNPATH_SEARCH_PATHS = (
					"$(inherited)",
					"@executable_path/Frameworks",
				);
				MARKETING_VERSION = 1.0;
				PRODUCT_BUNDLE_IDENTIFIER = com.slava.itunes.ItunesSearchApp;
				PRODUCT_NAME = "$(TARGET_NAME)";
				SWIFT_EMIT_LOC_STRINGS = YES;
				SWIFT_VERSION = 5.0;
				TARGETED_DEVICE_FAMILY = "1,2";
			};
			name = Release;
		};
/* End XCBuildConfiguration section */

/* Begin XCConfigurationList section */
		BA191E7D289D8028002189D2 /* Build configuration list for PBXProject "ItunesSearchApp" */ = {
			isa = XCConfigurationList;
			buildConfigurations = (
				BA191E8E289D802A002189D2 /* Debug */,
				BA191E8F289D802A002189D2 /* Release */,
			);
			defaultConfigurationIsVisible = 0;
			defaultConfigurationName = Release;
		};
		BA191E90289D802A002189D2 /* Build configuration list for PBXNativeTarget "ItunesSearchApp" */ = {
			isa = XCConfigurationList;
			buildConfigurations = (
				BA191E91289D802A002189D2 /* Debug */,
				BA191E92289D802A002189D2 /* Release */,
			);
			defaultConfigurationIsVisible = 0;
			defaultConfigurationName = Release;
		};
/* End XCConfigurationList section */
	};
	rootObject = BA191E7A289D8028002189D2 /* Project object */;
}
